
Microsoft Visual Studio Solution File, Format Version 12.00
# Visual Studio Version 16
VisualStudioVersion = 16.0.29926.136
MinimumVisualStudioVersion = 10.0.40219.1
Project("{FAE04EC0-301F-11D3-BF4B-00C04F79EFBC}") = "SpectrumLight", "SpectrumLight\SpectrumLight.csproj", "{30828D07-03AE-49FA-8EE8-F63D1E16F0C4}"
EndProject
Project("{2150E333-8FDC-42A3-9474-1A3956D46DE8}") = "SpectrumLight.CustomControls", "SpectrumLight.CustomControls", "{0849DF5C-01A1-4C1E-8A5B-E1E5875B77B3}"
EndProject
Project("{FAE04EC0-301F-11D3-BF4B-00C04F79EFBC}") = "SpectrumLight.CustomControls.Hexagon", "SpectrumLight.CustomControls.Hexagon\SpectrumLight.CustomControls.Hexagon.csproj", "{AB3085A6-0467-491F-9262-6B4FE00D9648}"
EndProject
Project("{2150E333-8FDC-42A3-9474-1A3956D46DE8}") = "SpectrumLight.Common", "SpectrumLight.Common", "{E305BC7A-449B-443E-871C-502636DFF820}"
EndProject
Project("{2150E333-8FDC-42A3-9474-1A3956D46DE8}") = "SpectrumLight.CommonObjects", "SpectrumLight.CommonObjects", "{8E9A4942-94A3-4C2A-A9A4-CC91BE61A09A}"
EndProject
Project("{FAE04EC0-301F-11D3-BF4B-00C04F79EFBC}") = "SpectrumLight.CommonObjects.Wpf.Ui", "SpectrumLight.CommonObjects.Wpf.Ui\SpectrumLight.CommonObjects.Wpf.Ui.csproj", "{D5EF5220-B55D-4470-99AB-7C483087FFEB}"
EndProject
Project("{FAE04EC0-301F-11D3-BF4B-00C04F79EFBC}") = "SpectrumLight.CustomControls.HexagonsHolder", "SpectrumLight.CustomControls.HexagonsHolder\SpectrumLight.CustomControls.HexagonsHolder.csproj", "{C77DF244-5546-4988-98D6-033D9489CD80}"
EndProject
Project("{FAE04EC0-301F-11D3-BF4B-00C04F79EFBC}") = "SpectrumLight.CommonObjects.Abstractions", "SpectrumLight.CommonObjects.Abstractions\SpectrumLight.CommonObjects.Abstractions.csproj", "{E72BD89A-BF72-4DAC-9443-BAC599E640A7}"
EndProject
Project("{FAE04EC0-301F-11D3-BF4B-00C04F79EFBC}") = "SpectrumLight.CommonObjects.Implementations", "SpectrumLight.CommonObjects.Implementations\SpectrumLight.CommonObjects.Implementations.csproj", "{CE3C30A0-F360-4088-AE47-78625A6FA8E6}"
EndProject
Project("{FAE04EC0-301F-11D3-BF4B-00C04F79EFBC}") = "SpectrumLight.CommonObjects.Wpf", "SpectrumLight.CommonObjects.Wpf\SpectrumLight.CommonObjects.Wpf.csproj", "{1C6D701D-6FC5-412A-A1DF-525999B0DB84}"
EndProject
Project("{FAE04EC0-301F-11D3-BF4B-00C04F79EFBC}") = "SpectrumLight.CustomControls.BrightnessBar", "SpectrumLight.CustomControls.BrightnessBar\SpectrumLight.CustomControls.BrightnessBar.csproj", "{E8FF0066-39B2-4903-A336-6F19F98E58FB}"
EndProject
Project("{FAE04EC0-301F-11D3-BF4B-00C04F79EFBC}") = "SpectrumLight.CustomControls.RoutineMenu", "SpectrumLight.CustomControls.RoutineMenu\SpectrumLight.CustomControls.RoutineMenu.csproj", "{230770CD-8CDA-4C2B-857A-74B4F85EB61F}"
EndProject
Project("{FAE04EC0-301F-11D3-BF4B-00C04F79EFBC}") = "SpectrumLight.CustomControls.ColorPicker", "SpectrumLight.CustomControls.ColorPicker\SpectrumLight.CustomControls.ColorPicker.csproj", "{5E2A7498-10DB-450D-B52D-2223C2887432}"
EndProject
Project("{FAE04EC0-301F-11D3-BF4B-00C04F79EFBC}") = "SpectrumLight.CustomControls.TransformBars", "SpectrumLight.CustomControls.TransformBars\SpectrumLight.CustomControls.TransformBars.csproj", "{6C22816A-7E1B-49D2-9774-2BA03323B350}"
EndProject
Project("{FAE04EC0-301F-11D3-BF4B-00C04F79EFBC}") = "SpectrumLight.Core", "SpectrumLight.Core\SpectrumLight.Core.csproj", "{640C8B73-1473-410E-A94C-EA99133B532A}"
EndProject
Global
	GlobalSection(SolutionConfigurationPlatforms) = preSolution
		Debug|Any CPU = Debug|Any CPU
		Release|Any CPU = Release|Any CPU
	EndGlobalSection
	GlobalSection(ProjectConfigurationPlatforms) = postSolution
		{30828D07-03AE-49FA-8EE8-F63D1E16F0C4}.Debug|Any CPU.ActiveCfg = Debug|Any CPU
		{30828D07-03AE-49FA-8EE8-F63D1E16F0C4}.Debug|Any CPU.Build.0 = Debug|Any CPU
		{30828D07-03AE-49FA-8EE8-F63D1E16F0C4}.Release|Any CPU.ActiveCfg = Release|Any CPU
		{30828D07-03AE-49FA-8EE8-F63D1E16F0C4}.Release|Any CPU.Build.0 = Release|Any CPU
		{AB3085A6-0467-491F-9262-6B4FE00D9648}.Debug|Any CPU.ActiveCfg = Debug|Any CPU
		{AB3085A6-0467-491F-9262-6B4FE00D9648}.Debug|Any CPU.Build.0 = Debug|Any CPU
		{AB3085A6-0467-491F-9262-6B4FE00D9648}.Release|Any CPU.ActiveCfg = Release|Any CPU
		{AB3085A6-0467-491F-9262-6B4FE00D9648}.Release|Any CPU.Build.0 = Release|Any CPU
		{D5EF5220-B55D-4470-99AB-7C483087FFEB}.Debug|Any CPU.ActiveCfg = Debug|Any CPU
		{D5EF5220-B55D-4470-99AB-7C483087FFEB}.Debug|Any CPU.Build.0 = Debug|Any CPU
		{D5EF5220-B55D-4470-99AB-7C483087FFEB}.Release|Any CPU.ActiveCfg = Release|Any CPU
		{D5EF5220-B55D-4470-99AB-7C483087FFEB}.Release|Any CPU.Build.0 = Release|Any CPU
		{C77DF244-5546-4988-98D6-033D9489CD80}.Debug|Any CPU.ActiveCfg = Debug|Any CPU
		{C77DF244-5546-4988-98D6-033D9489CD80}.Debug|Any CPU.Build.0 = Debug|Any CPU
		{C77DF244-5546-4988-98D6-033D9489CD80}.Release|Any CPU.ActiveCfg = Release|Any CPU
		{C77DF244-5546-4988-98D6-033D9489CD80}.Release|Any CPU.Build.0 = Release|Any CPU
		{E72BD89A-BF72-4DAC-9443-BAC599E640A7}.Debug|Any CPU.ActiveCfg = Debug|Any CPU
		{E72BD89A-BF72-4DAC-9443-BAC599E640A7}.Debug|Any CPU.Build.0 = Debug|Any CPU
		{E72BD89A-BF72-4DAC-9443-BAC599E640A7}.Release|Any CPU.ActiveCfg = Release|Any CPU
		{E72BD89A-BF72-4DAC-9443-BAC599E640A7}.Release|Any CPU.Build.0 = Release|Any CPU
		{CE3C30A0-F360-4088-AE47-78625A6FA8E6}.Debug|Any CPU.ActiveCfg = Debug|Any CPU
		{CE3C30A0-F360-4088-AE47-78625A6FA8E6}.Debug|Any CPU.Build.0 = Debug|Any CPU
		{CE3C30A0-F360-4088-AE47-78625A6FA8E6}.Release|Any CPU.ActiveCfg = Release|Any CPU
		{CE3C30A0-F360-4088-AE47-78625A6FA8E6}.Release|Any CPU.Build.0 = Release|Any CPU
		{1C6D701D-6FC5-412A-A1DF-525999B0DB84}.Debug|Any CPU.ActiveCfg = Debug|Any CPU
		{1C6D701D-6FC5-412A-A1DF-525999B0DB84}.Debug|Any CPU.Build.0 = Debug|Any CPU
		{1C6D701D-6FC5-412A-A1DF-525999B0DB84}.Release|Any CPU.ActiveCfg = Release|Any CPU
		{1C6D701D-6FC5-412A-A1DF-525999B0DB84}.Release|Any CPU.Build.0 = Release|Any CPU
		{E8FF0066-39B2-4903-A336-6F19F98E58FB}.Debug|Any CPU.ActiveCfg = Debug|Any CPU
		{E8FF0066-39B2-4903-A336-6F19F98E58FB}.Debug|Any CPU.Build.0 = Debug|Any CPU
		{E8FF0066-39B2-4903-A336-6F19F98E58FB}.Release|Any CPU.ActiveCfg = Release|Any CPU
		{E8FF0066-39B2-4903-A336-6F19F98E58FB}.Release|Any CPU.Build.0 = Release|Any CPU
		{230770CD-8CDA-4C2B-857A-74B4F85EB61F}.Debug|Any CPU.ActiveCfg = Debug|Any CPU
		{230770CD-8CDA-4C2B-857A-74B4F85EB61F}.Debug|Any CPU.Build.0 = Debug|Any CPU
		{230770CD-8CDA-4C2B-857A-74B4F85EB61F}.Release|Any CPU.ActiveCfg = Release|Any CPU
		{230770CD-8CDA-4C2B-857A-74B4F85EB61F}.Release|Any CPU.Build.0 = Release|Any CPU
		{5E2A7498-10DB-450D-B52D-2223C2887432}.Debug|Any CPU.ActiveCfg = Debug|Any CPU
		{5E2A7498-10DB-450D-B52D-2223C2887432}.Debug|Any CPU.Build.0 = Debug|Any CPU
		{5E2A7498-10DB-450D-B52D-2223C2887432}.Release|Any CPU.ActiveCfg = Release|Any CPU
		{5E2A7498-10DB-450D-B52D-2223C2887432}.Release|Any CPU.Build.0 = Release|Any CPU
		{6C22816A-7E1B-49D2-9774-2BA03323B350}.Debug|Any CPU.ActiveCfg = Debug|Any CPU
		{6C22816A-7E1B-49D2-9774-2BA03323B350}.Debug|Any CPU.Build.0 = Debug|Any CPU
		{6C22816A-7E1B-49D2-9774-2BA03323B350}.Release|Any CPU.ActiveCfg = Release|Any CPU
		{6C22816A-7E1B-49D2-9774-2BA03323B350}.Release|Any CPU.Build.0 = Release|Any CPU
		{640C8B73-1473-410E-A94C-EA99133B532A}.Debug|Any CPU.ActiveCfg = Debug|Any CPU
		{640C8B73-1473-410E-A94C-EA99133B532A}.Debug|Any CPU.Build.0 = Debug|Any CPU
		{640C8B73-1473-410E-A94C-EA99133B532A}.Release|Any CPU.ActiveCfg = Release|Any CPU
		{640C8B73-1473-410E-A94C-EA99133B532A}.Release|Any CPU.Build.0 = Release|Any CPU
	EndGlobalSection
	GlobalSection(SolutionProperties) = preSolution
		HideSolutionNode = FALSE
	EndGlobalSection
	GlobalSection(NestedProjects) = preSolution
		{AB3085A6-0467-491F-9262-6B4FE00D9648} = {0849DF5C-01A1-4C1E-8A5B-E1E5875B77B3}
		{D5EF5220-B55D-4470-99AB-7C483087FFEB} = {8E9A4942-94A3-4C2A-A9A4-CC91BE61A09A}
		{C77DF244-5546-4988-98D6-033D9489CD80} = {0849DF5C-01A1-4C1E-8A5B-E1E5875B77B3}
		{E72BD89A-BF72-4DAC-9443-BAC599E640A7} = {8E9A4942-94A3-4C2A-A9A4-CC91BE61A09A}
		{CE3C30A0-F360-4088-AE47-78625A6FA8E6} = {8E9A4942-94A3-4C2A-A9A4-CC91BE61A09A}
		{1C6D701D-6FC5-412A-A1DF-525999B0DB84} = {8E9A4942-94A3-4C2A-A9A4-CC91BE61A09A}
		{E8FF0066-39B2-4903-A336-6F19F98E58FB} = {0849DF5C-01A1-4C1E-8A5B-E1E5875B77B3}
		{230770CD-8CDA-4C2B-857A-74B4F85EB61F} = {0849DF5C-01A1-4C1E-8A5B-E1E5875B77B3}
		{5E2A7498-10DB-450D-B52D-2223C2887432} = {0849DF5C-01A1-4C1E-8A5B-E1E5875B77B3}
		{6C22816A-7E1B-49D2-9774-2BA03323B350} = {0849DF5C-01A1-4C1E-8A5B-E1E5875B77B3}
	EndGlobalSection
	GlobalSection(ExtensibilityGlobals) = postSolution
		SolutionGuid = {9D8214DD-5166-48CF-9667-6847A197FCEB}
	EndGlobalSection
EndGlobal
